<?xml version="1.0" encoding="utf-8"?>
<Project ToolsVersion="4.0" xmlns="http://schemas.microsoft.com/developer/msbuild/2003">
  <ItemGroup>
    <Filter Include="소스 파일">
      <UniqueIdentifier>{4FC737F1-C7A5-4376-A066-2A32D752A2FF}</UniqueIdentifier>
      <Extensions>cpp;c;cc;cxx;def;odl;idl;hpj;bat;asm;asmx</Extensions>
    </Filter>
    <Filter Include="헤더 파일">
      <UniqueIdentifier>{93995380-89BD-4b04-88EB-625FBE52EBFB}</UniqueIdentifier>
      <Extensions>h;hh;hpp;hxx;hm;inl;inc;ipp;xsd</Extensions>
    </Filter>
    <Filter Include="리소스 파일">
      <UniqueIdentifier>{67DA6AB6-F800-4c08-8B7A-83BB121AAD01}</UniqueIdentifier>
      <Extensions>rc;ico;cur;bmp;dlg;rc2;rct;bin;rgs;gif;jpg;jpeg;jpe;resx;tiff;tif;png;wav;mfcribbon-ms</Extensions>
    </Filter>
    <Filter Include="base files">
      <UniqueIdentifier>{dfa63489-ba3c-4db6-b836-1c0062ce6271}</UniqueIdentifier>
    </Filter>
    <Filter Include="Simulator pick">
      <UniqueIdentifier>{48d872ea-a159-421d-b369-7290f49486f8}</UniqueIdentifier>
    </Filter>
  </ItemGroup>
  <ItemGroup>
    <ClInclude Include="Detector.h">
      <Filter>헤더 파일</Filter>
    </ClInclude>
    <ClInclude Include="Equations.h">
      <Filter>헤더 파일</Filter>
    </ClInclude>
    <ClInclude Include="Generation.h">
      <Filter>헤더 파일</Filter>
    </ClInclude>
    <ClInclude Include="Mapper.h">
      <Filter>헤더 파일</Filter>
    </ClInclude>
    <ClInclude Include="Rayleigh.h">
      <Filter>헤더 파일</Filter>
    </ClInclude>
    <ClInclude Include="Turbo2.h">
      <Filter>헤더 파일</Filter>
    </ClInclude>
    <ClInclude Include="AWGN.h">
      <Filter>헤더 파일</Filter>
    </ClInclude>
    <ClInclude Include="Combining.h">
      <Filter>헤더 파일</Filter>
    </ClInclude>
    <ClInclude Include="complex_new.h">
      <Filter>헤더 파일</Filter>
    </ClInclude>
    <ClInclude Include="Conv.h">
      <Filter>헤더 파일</Filter>
    </ClInclude>
    <ClInclude Include="Simulator.h">
      <Filter>Simulator pick</Filter>
    </ClInclude>
  </ItemGroup>
  <ItemGroup>
    <ClCompile Include="log_comb2.cpp">
      <Filter>소스 파일</Filter>
    </ClCompile>
    <ClCompile Include="PAM_SUPER_BLC.cpp">
      <Filter>소스 파일</Filter>
    </ClCompile>
    <ClCompile Include="PhaseExtension.cpp">
      <Filter>소스 파일</Filter>
    </ClCompile>
    <ClCompile Include="QPSK2QAM.cpp">
      <Filter>소스 파일</Filter>
    </ClCompile>
    <ClCompile Include="SIC.cpp">
      <Filter>소스 파일</Filter>
    </ClCompile>
    <ClCompile Include="Super_CoMP.cpp">
      <Filter>소스 파일</Filter>
    </ClCompile>
    <ClCompile Include="analog_comb.cpp">
      <Filter>소스 파일</Filter>
    </ClCompile>
    <ClCompile Include="Analog_HARQ.cpp">
      <Filter>소스 파일</Filter>
    </ClCompile>
    <ClCompile Include="CDRT_UL.cpp">
      <Filter>소스 파일</Filter>
    </ClCompile>
    <ClCompile Include="CDRT_UL_8PSK.cpp">
      <Filter>소스 파일</Filter>
    </ClCompile>
    <ClCompile Include="CoMP.cpp">
      <Filter>소스 파일</Filter>
    </ClCompile>
    <ClCompile Include="CONV_SUPER_BLC.cpp">
      <Filter>소스 파일</Filter>
    </ClCompile>
    <ClCompile Include="INCRE_ITER_SUPER.cpp">
      <Filter>소스 파일</Filter>
    </ClCompile>
    <ClCompile Include="Larger_Relay_Analog_Comb.cpp">
      <Filter>소스 파일</Filter>
    </ClCompile>
    <ClCompile Include="Larger_Relay_LLR_Comb.cpp">
      <Filter>소스 파일</Filter>
    </ClCompile>
    <ClCompile Include="Larger_Relay_SIC.cpp">
      <Filter>소스 파일</Filter>
    </ClCompile>
    <ClCompile Include="LLR_HARQ.cpp">
      <Filter>소스 파일</Filter>
    </ClCompile>
    <ClCompile Include="LLR_HARQ2.cpp">
      <Filter>소스 파일</Filter>
    </ClCompile>
    <ClCompile Include="LLR_HARQ3.cpp">
      <Filter>소스 파일</Filter>
    </ClCompile>
    <ClCompile Include="LLR_HARQ4.cpp">
      <Filter>소스 파일</Filter>
    </ClCompile>
    <ClCompile Include="log_comb.cpp">
      <Filter>소스 파일</Filter>
    </ClCompile>
    <ClCompile Include="Turbo2.cpp">
      <Filter>리소스 파일</Filter>
    </ClCompile>
    <ClCompile Include="Mapper.cpp">
      <Filter>리소스 파일</Filter>
    </ClCompile>
    <ClCompile Include="Detector.cpp">
      <Filter>리소스 파일</Filter>
    </ClCompile>
    <ClCompile Include="Conv.cpp">
      <Filter>리소스 파일</Filter>
    </ClCompile>
    <ClCompile Include="AWGN.cpp">
      <Filter>리소스 파일</Filter>
    </ClCompile>
    <ClCompile Include="Combining.cpp">
      <Filter>리소스 파일</Filter>
    </ClCompile>
    <ClCompile Include="Rayleigh.cpp">
      <Filter>리소스 파일</Filter>
    </ClCompile>
    <ClCompile Include="SUPER_16QAM.cpp">
      <Filter>소스 파일</Filter>
    </ClCompile>
    <ClCompile Include="SUPER_16QAM2.cpp">
      <Filter>소스 파일</Filter>
    </ClCompile>
    <ClCompile Include="LLR_HARQ_SMALL_ALPHA.cpp">
      <Filter>소스 파일</Filter>
    </ClCompile>
  </ItemGroup>
</Project>